
Microsoft Visual Studio Solution File, Format Version 12.00
# Visual Studio 15
VisualStudioVersion = 15.0.26228.4
MinimumVisualStudioVersion = 10.0.40219.1
Project("{FAE04EC0-301F-11D3-BF4B-00C04F79EFBC}") = "SportsStore", "SportsStore\SportsStore.csproj", "{1D1D845C-2C7B-4B52-A6B7-C9CE71A761D8}"
EndProject
Project("{FAE04EC0-301F-11D3-BF4B-00C04F79EFBC}") = "SportsStore.Tests", "test\SportsStore.Tests\SportsStore.Tests.csproj", "{4D92DEFB-C458-4B05-BDAB-E05BA8B2204D}"
EndProject
Global
	GlobalSection(SolutionConfigurationPlatforms) = preSolution
		Debug|Any CPU = Debug|Any CPU
		Release|Any CPU = Release|Any CPU
	EndGlobalSection
	GlobalSection(ProjectConfigurationPlatforms) = postSolution
		{1D1D845C-2C7B-4B52-A6B7-C9CE71A761D8}.Debug|Any CPU.ActiveCfg = Debug|Any CPU
		{1D1D845C-2C7B-4B52-A6B7-C9CE71A761D8}.Debug|Any CPU.Build.0 = Debug|Any CPU
		{1D1D845C-2C7B-4B52-A6B7-C9CE71A761D8}.Release|Any CPU.ActiveCfg = Release|Any CPU
		{1D1D845C-2C7B-4B52-A6B7-C9CE71A761D8}.Release|Any CPU.Build.0 = Release|Any CPU
		{4D92DEFB-C458-4B05-BDAB-E05BA8B2204D}.Debug|Any CPU.ActiveCfg = Debug|Any CPU
		{4D92DEFB-C458-4B05-BDAB-E05BA8B2204D}.Debug|Any CPU.Build.0 = Debug|Any CPU
		{4D92DEFB-C458-4B05-BDAB-E05BA8B2204D}.Release|Any CPU.ActiveCfg = Release|Any CPU
		{4D92DEFB-C458-4B05-BDAB-E05BA8B2204D}.Release|Any CPU.Build.0 = Release|Any CPU
	EndGlobalSection
	GlobalSection(SolutionProperties) = preSolution
		HideSolutionNode = FALSE
	EndGlobalSection
EndGlobal
