
Microsoft Visual Studio Solution File, Format Version 11.00
# Visual Studio 2010
Project("{FAE04EC0-301F-11D3-BF4B-00C04F79EFBC}") = "WinApp", "WinApp\WinApp.csproj", "{ED40FF87-7BA6-4842-BA01-424B08CD1FEB}"
EndProject
Project("{FAE04EC0-301F-11D3-BF4B-00C04F79EFBC}") = "WinLibs", "WinLibs\WinLibs.csproj", "{00DB8DCC-3A98-4278-BE53-48A6D72ABC3D}"
EndProject
Global
	GlobalSection(SolutionConfigurationPlatforms) = preSolution
		Debug|x86 = Debug|x86
		Release|x86 = Release|x86
	EndGlobalSection
	GlobalSection(ProjectConfigurationPlatforms) = postSolution
		{ED40FF87-7BA6-4842-BA01-424B08CD1FEB}.Debug|x86.ActiveCfg = Debug|x86
		{ED40FF87-7BA6-4842-BA01-424B08CD1FEB}.Debug|x86.Build.0 = Debug|x86
		{ED40FF87-7BA6-4842-BA01-424B08CD1FEB}.Release|x86.ActiveCfg = Release|x86
		{ED40FF87-7BA6-4842-BA01-424B08CD1FEB}.Release|x86.Build.0 = Release|x86
		{00DB8DCC-3A98-4278-BE53-48A6D72ABC3D}.Debug|x86.ActiveCfg = Debug|x86
		{00DB8DCC-3A98-4278-BE53-48A6D72ABC3D}.Debug|x86.Build.0 = Debug|x86
		{00DB8DCC-3A98-4278-BE53-48A6D72ABC3D}.Release|x86.ActiveCfg = Release|x86
		{00DB8DCC-3A98-4278-BE53-48A6D72ABC3D}.Release|x86.Build.0 = Release|x86
	EndGlobalSection
	GlobalSection(SolutionProperties) = preSolution
		HideSolutionNode = FALSE
	EndGlobalSection
EndGlobal
