
Microsoft Visual Studio Solution File, Format Version 12.00
# Visual Studio 15
VisualStudioVersion = 15.0.26228.4
MinimumVisualStudioVersion = 10.0.40219.1
Project("{FAE04EC0-301F-11D3-BF4B-00C04F79EFBC}") = "Ch06_WorkingWithVisualStudio", "Ch06_WorkingWithVisualStudio\Ch06_WorkingWithVisualStudio.csproj", "{B79D9C4B-4D91-4CC8-A7C8-0DA892995473}"
EndProject
Project("{FAE04EC0-301F-11D3-BF4B-00C04F79EFBC}") = "Ch06_WorkingWithVisualStudio.Tests", "test\Ch06_WorkingWithVisualStudio.Tests\Ch06_WorkingWithVisualStudio.Tests.csproj", "{C5EF03CE-BE1E-40B2-B096-277685A59AA2}"
EndProject
Global
	GlobalSection(SolutionConfigurationPlatforms) = preSolution
		Debug|Any CPU = Debug|Any CPU
		Release|Any CPU = Release|Any CPU
	EndGlobalSection
	GlobalSection(ProjectConfigurationPlatforms) = postSolution
		{B79D9C4B-4D91-4CC8-A7C8-0DA892995473}.Debug|Any CPU.ActiveCfg = Debug|Any CPU
		{B79D9C4B-4D91-4CC8-A7C8-0DA892995473}.Debug|Any CPU.Build.0 = Debug|Any CPU
		{B79D9C4B-4D91-4CC8-A7C8-0DA892995473}.Release|Any CPU.ActiveCfg = Release|Any CPU
		{B79D9C4B-4D91-4CC8-A7C8-0DA892995473}.Release|Any CPU.Build.0 = Release|Any CPU
		{C5EF03CE-BE1E-40B2-B096-277685A59AA2}.Debug|Any CPU.ActiveCfg = Debug|Any CPU
		{C5EF03CE-BE1E-40B2-B096-277685A59AA2}.Debug|Any CPU.Build.0 = Debug|Any CPU
		{C5EF03CE-BE1E-40B2-B096-277685A59AA2}.Release|Any CPU.ActiveCfg = Release|Any CPU
		{C5EF03CE-BE1E-40B2-B096-277685A59AA2}.Release|Any CPU.Build.0 = Release|Any CPU
	EndGlobalSection
	GlobalSection(SolutionProperties) = preSolution
		HideSolutionNode = FALSE
	EndGlobalSection
EndGlobal
