
Microsoft Visual Studio Solution File, Format Version 12.00
# Visual Studio 15
VisualStudioVersion = 15.0.26228.4
MinimumVisualStudioVersion = 10.0.40219.1
Project("{FAE04EC0-301F-11D3-BF4B-00C04F79EFBC}") = "Ch04_LanguageFeatures", "Ch04_LanguageFeatures\Ch04_LanguageFeatures.csproj", "{85A37B28-58C2-4F14-986E-C3B47A4F82E3}"
EndProject
Global
	GlobalSection(SolutionConfigurationPlatforms) = preSolution
		Debug|Any CPU = Debug|Any CPU
		Release|Any CPU = Release|Any CPU
	EndGlobalSection
	GlobalSection(ProjectConfigurationPlatforms) = postSolution
		{85A37B28-58C2-4F14-986E-C3B47A4F82E3}.Debug|Any CPU.ActiveCfg = Debug|Any CPU
		{85A37B28-58C2-4F14-986E-C3B47A4F82E3}.Debug|Any CPU.Build.0 = Debug|Any CPU
		{85A37B28-58C2-4F14-986E-C3B47A4F82E3}.Release|Any CPU.ActiveCfg = Release|Any CPU
		{85A37B28-58C2-4F14-986E-C3B47A4F82E3}.Release|Any CPU.Build.0 = Release|Any CPU
	EndGlobalSection
	GlobalSection(SolutionProperties) = preSolution
		HideSolutionNode = FALSE
	EndGlobalSection
EndGlobal
